// !$*UTF8*$!
{
	archiveVersion = 1;
	classes = {
	};
	objectVersion = 50;
	objects = {

/* Begin PBXBuildFile section */
		23482A9623C15F1000EE88EB /* AppDelegate.swift in Sources */ = {isa = PBXBuildFile; fileRef = 23482A9523C15F1000EE88EB /* AppDelegate.swift */; };
		23482A9823C15F1000EE88EB /* SceneDelegate.swift in Sources */ = {isa = PBXBuildFile; fileRef = 23482A9723C15F1000EE88EB /* SceneDelegate.swift */; };
		23482A9A23C15F1000EE88EB /* ViewController.swift in Sources */ = {isa = PBXBuildFile; fileRef = 23482A9923C15F1000EE88EB /* ViewController.swift */; };
		23482A9D23C15F1000EE88EB /* Main.storyboard in Resources */ = {isa = PBXBuildFile; fileRef = 23482A9B23C15F1000EE88EB /* Main.storyboard */; };
		23482A9F23C15F1200EE88EB /* Assets.xcassets in Resources */ = {isa = PBXBuildFile; fileRef = 23482A9E23C15F1200EE88EB /* Assets.xcassets */; };
		23482AA223C15F1200EE88EB /* LaunchScreen.storyboard in Resources */ = {isa = PBXBuildFile; fileRef = 23482AA023C15F1200EE88EB /* LaunchScreen.storyboard */; };
/* End PBXBuildFile section */

/* Begin PBXFileReference section */
		23482A9223C15F1000EE88EB /* test_000004.app */ = {isa = PBXFileReference; explicitFileType = wrapper.application; includeInIndex = 0; path = test_000004.app; sourceTree = BUILT_PRODUCTS_DIR; };
		23482A9523C15F1000EE88EB /* AppDelegate.swift */ = {isa = PBXFileReference; lastKnownFileType = sourcecode.swift; path = AppDelegate.swift; sourceTree = "<group>"; };
		23482A9723C15F1000EE88EB /* SceneDelegate.swift */ = {isa = PBXFileReference; lastKnownFileType = sourcecode.swift; path = SceneDelegate.swift; sourceTree = "<group>"; };
		23482A9923C15F1000EE88EB /* ViewController.swift */ = {isa = PBXFileReference; lastKnownFileType = sourcecode.swift; path = ViewController.swift; sourceTree = "<group>"; };
		23482A9C23C15F1000EE88EB /* Base */ = {isa = PBXFileReference; lastKnownFileType = file.storyboard; name = Base; path = Base.lproj/Main.storyboard; sourceTree = "<group>"; };
		23482A9E23C15F1200EE88EB /* Assets.xcassets */ = {isa = PBXFileReference; lastKnownFileType = folder.assetcatalog; path = Assets.xcassets; sourceTree = "<group>"; };
		23482AA123C15F1200EE88EB /* Base */ = {isa = PBXFileReference; lastKnownFileType = file.storyboard; name = Base; path = Base.lproj/LaunchScreen.storyboard; sourceTree = "<group>"; };
		23482AA323C15F1200EE88EB /* Info.plist */ = {isa = PBXFileReference; lastKnownFileType = text.plist.xml; path = Info.plist; sourceTree = "<group>"; };
/* End PBXFileReference section */

/* Begin PBXFrameworksBuildPhase section */
		23482A8F23C15F1000EE88EB /* Frameworks */ = {
			isa = PBXFrameworksBuildPhase;
			buildActionMask = 2147483647;
			files = (
			);
			runOnlyForDeploymentPostprocessing = 0;
		};
/* End PBXFrameworksBuildPhase section */

/* Begin PBXGroup section */
		23482A8923C15F0F00EE88EB = {
			isa = PBXGroup;
			children = (
				23482A9423C15F1000EE88EB /* test_000004 */,
				23482A9323C15F1000EE88EB /* Products */,
			);
			sourceTree = "<group>";
		};
		23482A9323C15F1000EE88EB /* Products */ = {
			isa = PBXGroup;
			children = (
				23482A9223C15F1000EE88EB /* test_000004.app */,
			);
			name = Products;
			sourceTree = "<group>";
		};
		23482A9423C15F1000EE88EB /* test_000004 */ = {
			isa = PBXGroup;
			children = (
				23482A9523C15F1000EE88EB /* AppDelegate.swift */,
				23482A9723C15F1000EE88EB /* SceneDelegate.swift */,
				23482A9923C15F1000EE88EB /* ViewController.swift */,
				23482A9B23C15F1000EE88EB /* Main.storyboard */,
				23482A9E23C15F1200EE88EB /* Assets.xcassets */,
				23482AA023C15F1200EE88EB /* LaunchScreen.storyboard */,
				23482AA323C15F1200EE88EB /* Info.plist */,
			);
			path = test_000004;
			sourceTree = "<group>";
		};
/* End PBXGroup section */

/* Begin PBXNativeTarget section */
		23482A9123C15F1000EE88EB /* test_000004 */ = {
			isa = PBXNativeTarget;
			buildConfigurationList = 23482AA623C15F1200EE88EB /* Build configuration list for PBXNativeTarget "test_000004" */;
			buildPhases = (
				23482A8E23C15F1000EE88EB /* Sources */,
				23482A8F23C15F1000EE88EB /* Frameworks */,
				23482A9023C15F1000EE88EB /* Resources */,
			);
			buildRules = (
			);
			dependencies = (
			);
			name = test_000004;
			productName = test_000004;
			productReference = 23482A9223C15F1000EE88EB /* test_000004.app */;
			productType = "com.apple.product-type.application";
		};
/* End PBXNativeTarget section */

/* Begin PBXProject section */
		23482A8A23C15F0F00EE88EB /* Project object */ = {
			isa = PBXProject;
			attributes = {
				LastSwiftUpdateCheck = 1120;
				LastUpgradeCheck = 1120;
				ORGANIZATIONNAME = "Alexander Penkov";
				TargetAttributes = {
					23482A9123C15F1000EE88EB = {
						CreatedOnToolsVersion = 11.2.1;
					};
				};
			};
			buildConfigurationList = 23482A8D23C15F0F00EE88EB /* Build configuration list for PBXProject "test_000004" */;
			compatibilityVersion = "Xcode 9.3";
			developmentRegion = en;
			hasScannedForEncodings = 0;
			knownRegions = (
				en,
				Base,
			);
			mainGroup = 23482A8923C15F0F00EE88EB;
			productRefGroup = 23482A9323C15F1000EE88EB /* Products */;
			projectDirPath = "";
			projectRoot = "";
			targets = (
				23482A9123C15F1000EE88EB /* test_000004 */,
			);
		};
/* End PBXProject section */

/* Begin PBXResourcesBuildPhase section */
		23482A9023C15F1000EE88EB /* Resources */ = {
			isa = PBXResourcesBuildPhase;
			buildActionMask = 2147483647;
			files = (
				23482AA223C15F1200EE88EB /* LaunchScreen.storyboard in Resources */,
				23482A9F23C15F1200EE88EB /* Assets.xcassets in Resources */,
				23482A9D23C15F1000EE88EB /* Main.storyboard in Resources */,
			);
			runOnlyForDeploymentPostprocessing = 0;
		};
/* End PBXResourcesBuildPhase section */

/* Begin PBXSourcesBuildPhase section */
		23482A8E23C15F1000EE88EB /* Sources */ = {
			isa = PBXSourcesBuildPhase;
			buildActionMask = 2147483647;
			files = (
				23482A9A23C15F1000EE88EB /* ViewController.swift in Sources */,
				23482A9623C15F1000EE88EB /* AppDelegate.swift in Sources */,
				23482A9823C15F1000EE88EB /* SceneDelegate.swift in Sources */,
			);
			runOnlyForDeploymentPostprocessing = 0;
		};
/* End PBXSourcesBuildPhase section */

/* Begin PBXVariantGroup section */
		23482A9B23C15F1000EE88EB /* Main.storyboard */ = {
			isa = PBXVariantGroup;
			children = (
				23482A9C23C15F1000EE88EB /* Base */,
			);
			name = Main.storyboard;
			sourceTree = "<group>";
		};
		23482AA023C15F1200EE88EB /* LaunchScreen.storyboard */ = {
			isa = PBXVariantGroup;
			children = (
				23482AA123C15F1200EE88EB /* Base */,
			);
			name = LaunchScreen.storyboard;
			sourceTree = "<group>";
		};
/* End PBXVariantGroup section */

/* Begin XCBuildConfiguration section */
		23482AA423C15F1200EE88EB /* Debug */ = {
			isa = XCBuildConfiguration;
			buildSettings = {
				ALWAYS_SEARCH_USER_PATHS = NO;
				CLANG_ANALYZER_NONNULL = YES;
				CLANG_ANALYZER_NUMBER_OBJECT_CONVERSION = YES_AGGRESSIVE;
				CLANG_CXX_LANGUAGE_STANDARD = "gnu++14";
				CLANG_CXX_LIBRARY = "libc++";
				CLANG_ENABLE_MODULES = YES;
				CLANG_ENABLE_OBJC_ARC = YES;
				CLANG_ENABLE_OBJC_WEAK = YES;
				CLANG_WARN_BLOCK_CAPTURE_AUTORELEASING = YES;
				CLANG_WARN_BOOL_CONVERSION = YES;
				CLANG_WARN_COMMA = YES;
				CLANG_WARN_CONSTANT_CONVERSION = YES;
				CLANG_WARN_DEPRECATED_OBJC_IMPLEMENTATIONS = YES;
				CLANG_WARN_DIRECT_OBJC_ISA_USAGE = YES_ERROR;
				CLANG_WARN_DOCUMENTATION_COMMENTS = YES;
				CLANG_WARN_EMPTY_BODY = YES;
				CLANG_WARN_ENUM_CONVERSION = YES;
				CLANG_WARN_INFINITE_RECURSION = YES;
				CLANG_WARN_INT_CONVERSION = YES;
				CLANG_WARN_NON_LITERAL_NULL_CONVERSION = YES;
				CLANG_WARN_OBJC_IMPLICIT_RETAIN_SELF = YES;
				CLANG_WARN_OBJC_LITERAL_CONVERSION = YES;
				CLANG_WARN_OBJC_ROOT_CLASS = YES_ERROR;
				CLANG_WARN_RANGE_LOOP_ANALYSIS = YES;
				CLANG_WARN_STRICT_PROTOTYPES = YES;
				CLANG_WARN_SUSPICIOUS_MOVE = YES;
				CLANG_WARN_UNGUARDED_AVAILABILITY = YES_AGGRESSIVE;
				CLANG_WARN_UNREACHABLE_CODE = YES;
				CLANG_WARN__DUPLICATE_METHOD_MATCH = YES;
				COPY_PHASE_STRIP = NO;
				DEBUG_INFORMATION_FORMAT = dwarf;
				ENABLE_STRICT_OBJC_MSGSEND = YES;
				ENABLE_TESTABILITY = YES;
				GCC_C_LANGUAGE_STANDARD = gnu11;
				GCC_DYNAMIC_NO_PIC = NO;
				GCC_NO_COMMON_BLOCKS = YES;
				GCC_OPTIMIZATION_LEVEL = 0;
				GCC_PREPROCESSOR_DEFINITIONS = (
					"DEBUG=1",
					"$(inherited)",
				);
				GCC_WARN_64_TO_32_BIT_CONVERSION = YES;
				GCC_WARN_ABOUT_RETURN_TYPE = YES_ERROR;
				GCC_WARN_UNDECLARED_SELECTOR = YES;
				GCC_WARN_UNINITIALIZED_AUTOS = YES_AGGRESSIVE;
				GCC_WARN_UNUSED_FUNCTION = YES;
				GCC_WARN_UNUSED_VARIABLE = YES;
				IPHONEOS_DEPLOYMENT_TARGET = 13.2;
				MTL_ENABLE_DEBUG_INFO = INCLUDE_SOURCE;
				MTL_FAST_MATH = YES;
				ONLY_ACTIVE_ARCH = YES;
				SDKROOT = iphoneos;
				SWIFT_ACTIVE_COMPILATION_CONDITIONS = DEBUG;
				SWIFT_OPTIMIZATION_LEVEL = "-Onone";
			};
			name = Debug;
		};
		23482AA523C15F1200EE88EB /* Release */ = {
			isa = XCBuildConfiguration;
			buildSettings = {
				ALWAYS_SEARCH_USER_PATHS = NO;
				CLANG_ANALYZER_NONNULL = YES;
				CLANG_ANALYZER_NUMBER_OBJECT_CONVERSION = YES_AGGRESSIVE;
				CLANG_CXX_LANGUAGE_STANDARD = "gnu++14";
				CLANG_CXX_LIBRARY = "libc++";
				CLANG_ENABLE_MODULES = YES;
				CLANG_ENABLE_OBJC_ARC = YES;
				CLANG_ENABLE_OBJC_WEAK = YES;
				CLANG_WARN_BLOCK_CAPTURE_AUTORELEASING = YES;
				CLANG_WARN_BOOL_CONVERSION = YES;
				CLANG_WARN_COMMA = YES;
				CLANG_WARN_CONSTANT_CONVERSION = YES;
				CLANG_WARN_DEPRECATED_OBJC_IMPLEMENTATIONS = YES;
				CLANG_WARN_DIRECT_OBJC_ISA_USAGE = YES_ERROR;
				CLANG_WARN_DOCUMENTATION_COMMENTS = YES;
				CLANG_WARN_EMPTY_BODY = YES;
				CLANG_WARN_ENUM_CONVERSION = YES;
				CLANG_WARN_INFINITE_RECURSION = YES;
				CLANG_WARN_INT_CONVERSION = YES;
				CLANG_WARN_NON_LITERAL_NULL_CONVERSION = YES;
				CLANG_WARN_OBJC_IMPLICIT_RETAIN_SELF = YES;
				CLANG_WARN_OBJC_LITERAL_CONVERSION = YES;
				CLANG_WARN_OBJC_ROOT_CLASS = YES_ERROR;
				CLANG_WARN_RANGE_LOOP_ANALYSIS = YES;
				CLANG_WARN_STRICT_PROTOTYPES = YES;
				CLANG_WARN_SUSPICIOUS_MOVE = YES;
				CLANG_WARN_UNGUARDED_AVAILABILITY = YES_AGGRESSIVE;
				CLANG_WARN_UNREACHABLE_CODE = YES;
				CLANG_WARN__DUPLICATE_METHOD_MATCH = YES;
				COPY_PHASE_STRIP = NO;
				DEBUG_INFORMATION_FORMAT = "dwarf-with-dsym";
				ENABLE_NS_ASSERTIONS = NO;
				ENABLE_STRICT_OBJC_MSGSEND = YES;
				GCC_C_LANGUAGE_STANDARD = gnu11;
				GCC_NO_COMMON_BLOCKS = YES;
				GCC_WARN_64_TO_32_BIT_CONVERSION = YES;
				GCC_WARN_ABOUT_RETURN_TYPE = YES_ERROR;
				GCC_WARN_UNDECLARED_SELECTOR = YES;
				GCC_WARN_UNINITIALIZED_AUTOS = YES_AGGRESSIVE;
				GCC_WARN_UNUSED_FUNCTION = YES;
				GCC_WARN_UNUSED_VARIABLE = YES;
				IPHONEOS_DEPLOYMENT_TARGET = 13.2;
				MTL_ENABLE_DEBUG_INFO = NO;
				MTL_FAST_MATH = YES;
				SDKROOT = iphoneos;
				SWIFT_COMPILATION_MODE = wholemodule;
				SWIFT_OPTIMIZATION_LEVEL = "-O";
				VALIDATE_PRODUCT = YES;
			};
			name = Release;
		};
		23482AA723C15F1200EE88EB /* Debug */ = {
			isa = XCBuildConfiguration;
			buildSettings = {
				ASSETCATALOG_COMPILER_APPICON_NAME = AppIcon;
				CODE_SIGN_STYLE = Automatic;
				DEVELOPMENT_TEAM = MVZ2D7626T;
				INFOPLIST_FILE = test_000004/Info.plist;
				LD_RUNPATH_SEARCH_PATHS = (
					"$(inherited)",
					"@executable_path/Frameworks",
				);
				PRODUCT_BUNDLE_IDENTIFIER = "www.al91-mail.com.test-000004";
				PRODUCT_NAME = "$(TARGET_NAME)";
				SWIFT_VERSION = 5.0;
				TARGETED_DEVICE_FAMILY = "1,2";
			};
			name = Debug;
		};
		23482AA823C15F1200EE88EB /* Release */ = {
			isa = XCBuildConfiguration;
			buildSettings = {
				ASSETCATALOG_COMPILER_APPICON_NAME = AppIcon;
				CODE_SIGN_STYLE = Automatic;
				DEVELOPMENT_TEAM = MVZ2D7626T;
				INFOPLIST_FILE = test_000004/Info.plist;
				LD_RUNPATH_SEARCH_PATHS = (
					"$(inherited)",
					"@executable_path/Frameworks",
				);
				PRODUCT_BUNDLE_IDENTIFIER = "www.al91-mail.com.test-000004";
				PRODUCT_NAME = "$(TARGET_NAME)";
				SWIFT_VERSION = 5.0;
				TARGETED_DEVICE_FAMILY = "1,2";
			};
			name = Release;
		};
/* End XCBuildConfiguration section */

/* Begin XCConfigurationList section */
		23482A8D23C15F0F00EE88EB /* Build configuration list for PBXProject "test_000004" */ = {
			isa = XCConfigurationList;
			buildConfigurations = (
				23482AA423C15F1200EE88EB /* Debug */,
				23482AA523C15F1200EE88EB /* Release */,
			);
			defaultConfigurationIsVisible = 0;
			defaultConfigurationName = Release;
		};
		23482AA623C15F1200EE88EB /* Build configuration list for PBXNativeTarget "test_000004" */ = {
			isa = XCConfigurationList;
			buildConfigurations = (
				23482AA723C15F1200EE88EB /* Debug */,
				23482AA823C15F1200EE88EB /* Release */,
			);
			defaultConfigurationIsVisible = 0;
			defaultConfigurationName = Release;
		};
/* End XCConfigurationList section */
	};
	rootObject = 23482A8A23C15F0F00EE88EB /* Project object */;
}
