// !$*UTF8*$!
{
	archiveVersion = 1;
	classes = {
	};
	objectVersion = 50;
	objects = {

/* Begin PBXBuildFile section */
		2386EEC923C6616C0056A825 /* AppDelegate.swift in Sources */ = {isa = PBXBuildFile; fileRef = 2386EEC823C6616C0056A825 /* AppDelegate.swift */; };
		2386EECB23C6616C0056A825 /* SceneDelegate.swift in Sources */ = {isa = PBXBuildFile; fileRef = 2386EECA23C6616C0056A825 /* SceneDelegate.swift */; };
		2386EECD23C6616C0056A825 /* ViewController.swift in Sources */ = {isa = PBXBuildFile; fileRef = 2386EECC23C6616C0056A825 /* ViewController.swift */; };
		2386EED023C6616C0056A825 /* Main.storyboard in Resources */ = {isa = PBXBuildFile; fileRef = 2386EECE23C6616C0056A825 /* Main.storyboard */; };
		2386EED223C661700056A825 /* Assets.xcassets in Resources */ = {isa = PBXBuildFile; fileRef = 2386EED123C661700056A825 /* Assets.xcassets */; };
		2386EED523C661700056A825 /* LaunchScreen.storyboard in Resources */ = {isa = PBXBuildFile; fileRef = 2386EED323C661700056A825 /* LaunchScreen.storyboard */; };
		2386EEDD23C662120056A825 /* MainViewController.swift in Sources */ = {isa = PBXBuildFile; fileRef = 2386EEDC23C662120056A825 /* MainViewController.swift */; };
		2386EEE023C662320056A825 /* Tab1ViewController.swift in Sources */ = {isa = PBXBuildFile; fileRef = 2386EEDF23C662320056A825 /* Tab1ViewController.swift */; };
		2386EEE223C6623F0056A825 /* Tab3ViewController.swift in Sources */ = {isa = PBXBuildFile; fileRef = 2386EEE123C6623F0056A825 /* Tab3ViewController.swift */; };
		2386EEE423C6624F0056A825 /* Tab2ViewController.swift in Sources */ = {isa = PBXBuildFile; fileRef = 2386EEE323C6624F0056A825 /* Tab2ViewController.swift */; };
		2386EEE623C667650056A825 /* GameViewController.swift in Sources */ = {isa = PBXBuildFile; fileRef = 2386EEE523C667650056A825 /* GameViewController.swift */; };
/* End PBXBuildFile section */

/* Begin PBXFileReference section */
		2386EEC523C6616C0056A825 /* test_tabbar.app */ = {isa = PBXFileReference; explicitFileType = wrapper.application; includeInIndex = 0; path = test_tabbar.app; sourceTree = BUILT_PRODUCTS_DIR; };
		2386EEC823C6616C0056A825 /* AppDelegate.swift */ = {isa = PBXFileReference; lastKnownFileType = sourcecode.swift; path = AppDelegate.swift; sourceTree = "<group>"; };
		2386EECA23C6616C0056A825 /* SceneDelegate.swift */ = {isa = PBXFileReference; lastKnownFileType = sourcecode.swift; path = SceneDelegate.swift; sourceTree = "<group>"; };
		2386EECC23C6616C0056A825 /* ViewController.swift */ = {isa = PBXFileReference; lastKnownFileType = sourcecode.swift; path = ViewController.swift; sourceTree = "<group>"; };
		2386EECF23C6616C0056A825 /* Base */ = {isa = PBXFileReference; lastKnownFileType = file.storyboard; name = Base; path = Base.lproj/Main.storyboard; sourceTree = "<group>"; };
		2386EED123C661700056A825 /* Assets.xcassets */ = {isa = PBXFileReference; lastKnownFileType = folder.assetcatalog; path = Assets.xcassets; sourceTree = "<group>"; };
		2386EED423C661700056A825 /* Base */ = {isa = PBXFileReference; lastKnownFileType = file.storyboard; name = Base; path = Base.lproj/LaunchScreen.storyboard; sourceTree = "<group>"; };
		2386EED623C661700056A825 /* Info.plist */ = {isa = PBXFileReference; lastKnownFileType = text.plist.xml; path = Info.plist; sourceTree = "<group>"; };
		2386EEDC23C662120056A825 /* MainViewController.swift */ = {isa = PBXFileReference; lastKnownFileType = sourcecode.swift; path = MainViewController.swift; sourceTree = "<group>"; };
		2386EEDF23C662320056A825 /* Tab1ViewController.swift */ = {isa = PBXFileReference; lastKnownFileType = sourcecode.swift; path = Tab1ViewController.swift; sourceTree = "<group>"; };
		2386EEE123C6623F0056A825 /* Tab3ViewController.swift */ = {isa = PBXFileReference; lastKnownFileType = sourcecode.swift; path = Tab3ViewController.swift; sourceTree = "<group>"; };
		2386EEE323C6624F0056A825 /* Tab2ViewController.swift */ = {isa = PBXFileReference; lastKnownFileType = sourcecode.swift; path = Tab2ViewController.swift; sourceTree = "<group>"; };
		2386EEE523C667650056A825 /* GameViewController.swift */ = {isa = PBXFileReference; lastKnownFileType = sourcecode.swift; path = GameViewController.swift; sourceTree = "<group>"; };
/* End PBXFileReference section */

/* Begin PBXFrameworksBuildPhase section */
		2386EEC223C6616C0056A825 /* Frameworks */ = {
			isa = PBXFrameworksBuildPhase;
			buildActionMask = 2147483647;
			files = (
			);
			runOnlyForDeploymentPostprocessing = 0;
		};
/* End PBXFrameworksBuildPhase section */

/* Begin PBXGroup section */
		2386EEBC23C6616C0056A825 = {
			isa = PBXGroup;
			children = (
				2386EEC723C6616C0056A825 /* test_tabbar */,
				2386EEC623C6616C0056A825 /* Products */,
			);
			sourceTree = "<group>";
		};
		2386EEC623C6616C0056A825 /* Products */ = {
			isa = PBXGroup;
			children = (
				2386EEC523C6616C0056A825 /* test_tabbar.app */,
			);
			name = Products;
			sourceTree = "<group>";
		};
		2386EEC723C6616C0056A825 /* test_tabbar */ = {
			isa = PBXGroup;
			children = (
				2386EEC823C6616C0056A825 /* AppDelegate.swift */,
				2386EECA23C6616C0056A825 /* SceneDelegate.swift */,
				2386EECC23C6616C0056A825 /* ViewController.swift */,
				2386EECE23C6616C0056A825 /* Main.storyboard */,
				2386EEDE23C6621D0056A825 /* view */,
				2386EED123C661700056A825 /* Assets.xcassets */,
				2386EED323C661700056A825 /* LaunchScreen.storyboard */,
				2386EED623C661700056A825 /* Info.plist */,
			);
			path = test_tabbar;
			sourceTree = "<group>";
		};
		2386EEDE23C6621D0056A825 /* view */ = {
			isa = PBXGroup;
			children = (
				2386EEDC23C662120056A825 /* MainViewController.swift */,
				2386EEDF23C662320056A825 /* Tab1ViewController.swift */,
				2386EEE323C6624F0056A825 /* Tab2ViewController.swift */,
				2386EEE123C6623F0056A825 /* Tab3ViewController.swift */,
				2386EEE523C667650056A825 /* GameViewController.swift */,
			);
			path = view;
			sourceTree = "<group>";
		};
/* End PBXGroup section */

/* Begin PBXNativeTarget section */
		2386EEC423C6616C0056A825 /* test_tabbar */ = {
			isa = PBXNativeTarget;
			buildConfigurationList = 2386EED923C661700056A825 /* Build configuration list for PBXNativeTarget "test_tabbar" */;
			buildPhases = (
				2386EEC123C6616C0056A825 /* Sources */,
				2386EEC223C6616C0056A825 /* Frameworks */,
				2386EEC323C6616C0056A825 /* Resources */,
			);
			buildRules = (
			);
			dependencies = (
			);
			name = test_tabbar;
			productName = test_tabbar;
			productReference = 2386EEC523C6616C0056A825 /* test_tabbar.app */;
			productType = "com.apple.product-type.application";
		};
/* End PBXNativeTarget section */

/* Begin PBXProject section */
		2386EEBD23C6616C0056A825 /* Project object */ = {
			isa = PBXProject;
			attributes = {
				LastSwiftUpdateCheck = 1120;
				LastUpgradeCheck = 1120;
				ORGANIZATIONNAME = "Alexander Penkov";
				TargetAttributes = {
					2386EEC423C6616C0056A825 = {
						CreatedOnToolsVersion = 11.2.1;
					};
				};
			};
			buildConfigurationList = 2386EEC023C6616C0056A825 /* Build configuration list for PBXProject "test_tabbar" */;
			compatibilityVersion = "Xcode 9.3";
			developmentRegion = en;
			hasScannedForEncodings = 0;
			knownRegions = (
				en,
				Base,
			);
			mainGroup = 2386EEBC23C6616C0056A825;
			productRefGroup = 2386EEC623C6616C0056A825 /* Products */;
			projectDirPath = "";
			projectRoot = "";
			targets = (
				2386EEC423C6616C0056A825 /* test_tabbar */,
			);
		};
/* End PBXProject section */

/* Begin PBXResourcesBuildPhase section */
		2386EEC323C6616C0056A825 /* Resources */ = {
			isa = PBXResourcesBuildPhase;
			buildActionMask = 2147483647;
			files = (
				2386EED523C661700056A825 /* LaunchScreen.storyboard in Resources */,
				2386EED223C661700056A825 /* Assets.xcassets in Resources */,
				2386EED023C6616C0056A825 /* Main.storyboard in Resources */,
			);
			runOnlyForDeploymentPostprocessing = 0;
		};
/* End PBXResourcesBuildPhase section */

/* Begin PBXSourcesBuildPhase section */
		2386EEC123C6616C0056A825 /* Sources */ = {
			isa = PBXSourcesBuildPhase;
			buildActionMask = 2147483647;
			files = (
				2386EEE223C6623F0056A825 /* Tab3ViewController.swift in Sources */,
				2386EECD23C6616C0056A825 /* ViewController.swift in Sources */,
				2386EEC923C6616C0056A825 /* AppDelegate.swift in Sources */,
				2386EEE423C6624F0056A825 /* Tab2ViewController.swift in Sources */,
				2386EEE623C667650056A825 /* GameViewController.swift in Sources */,
				2386EECB23C6616C0056A825 /* SceneDelegate.swift in Sources */,
				2386EEE023C662320056A825 /* Tab1ViewController.swift in Sources */,
				2386EEDD23C662120056A825 /* MainViewController.swift in Sources */,
			);
			runOnlyForDeploymentPostprocessing = 0;
		};
/* End PBXSourcesBuildPhase section */

/* Begin PBXVariantGroup section */
		2386EECE23C6616C0056A825 /* Main.storyboard */ = {
			isa = PBXVariantGroup;
			children = (
				2386EECF23C6616C0056A825 /* Base */,
			);
			name = Main.storyboard;
			sourceTree = "<group>";
		};
		2386EED323C661700056A825 /* LaunchScreen.storyboard */ = {
			isa = PBXVariantGroup;
			children = (
				2386EED423C661700056A825 /* Base */,
			);
			name = LaunchScreen.storyboard;
			sourceTree = "<group>";
		};
/* End PBXVariantGroup section */

/* Begin XCBuildConfiguration section */
		2386EED723C661700056A825 /* Debug */ = {
			isa = XCBuildConfiguration;
			buildSettings = {
				ALWAYS_SEARCH_USER_PATHS = NO;
				CLANG_ANALYZER_NONNULL = YES;
				CLANG_ANALYZER_NUMBER_OBJECT_CONVERSION = YES_AGGRESSIVE;
				CLANG_CXX_LANGUAGE_STANDARD = "gnu++14";
				CLANG_CXX_LIBRARY = "libc++";
				CLANG_ENABLE_MODULES = YES;
				CLANG_ENABLE_OBJC_ARC = YES;
				CLANG_ENABLE_OBJC_WEAK = YES;
				CLANG_WARN_BLOCK_CAPTURE_AUTORELEASING = YES;
				CLANG_WARN_BOOL_CONVERSION = YES;
				CLANG_WARN_COMMA = YES;
				CLANG_WARN_CONSTANT_CONVERSION = YES;
				CLANG_WARN_DEPRECATED_OBJC_IMPLEMENTATIONS = YES;
				CLANG_WARN_DIRECT_OBJC_ISA_USAGE = YES_ERROR;
				CLANG_WARN_DOCUMENTATION_COMMENTS = YES;
				CLANG_WARN_EMPTY_BODY = YES;
				CLANG_WARN_ENUM_CONVERSION = YES;
				CLANG_WARN_INFINITE_RECURSION = YES;
				CLANG_WARN_INT_CONVERSION = YES;
				CLANG_WARN_NON_LITERAL_NULL_CONVERSION = YES;
				CLANG_WARN_OBJC_IMPLICIT_RETAIN_SELF = YES;
				CLANG_WARN_OBJC_LITERAL_CONVERSION = YES;
				CLANG_WARN_OBJC_ROOT_CLASS = YES_ERROR;
				CLANG_WARN_RANGE_LOOP_ANALYSIS = YES;
				CLANG_WARN_STRICT_PROTOTYPES = YES;
				CLANG_WARN_SUSPICIOUS_MOVE = YES;
				CLANG_WARN_UNGUARDED_AVAILABILITY = YES_AGGRESSIVE;
				CLANG_WARN_UNREACHABLE_CODE = YES;
				CLANG_WARN__DUPLICATE_METHOD_MATCH = YES;
				COPY_PHASE_STRIP = NO;
				DEBUG_INFORMATION_FORMAT = dwarf;
				ENABLE_STRICT_OBJC_MSGSEND = YES;
				ENABLE_TESTABILITY = YES;
				GCC_C_LANGUAGE_STANDARD = gnu11;
				GCC_DYNAMIC_NO_PIC = NO;
				GCC_NO_COMMON_BLOCKS = YES;
				GCC_OPTIMIZATION_LEVEL = 0;
				GCC_PREPROCESSOR_DEFINITIONS = (
					"DEBUG=1",
					"$(inherited)",
				);
				GCC_WARN_64_TO_32_BIT_CONVERSION = YES;
				GCC_WARN_ABOUT_RETURN_TYPE = YES_ERROR;
				GCC_WARN_UNDECLARED_SELECTOR = YES;
				GCC_WARN_UNINITIALIZED_AUTOS = YES_AGGRESSIVE;
				GCC_WARN_UNUSED_FUNCTION = YES;
				GCC_WARN_UNUSED_VARIABLE = YES;
				IPHONEOS_DEPLOYMENT_TARGET = 13.2;
				MTL_ENABLE_DEBUG_INFO = INCLUDE_SOURCE;
				MTL_FAST_MATH = YES;
				ONLY_ACTIVE_ARCH = YES;
				SDKROOT = iphoneos;
				SWIFT_ACTIVE_COMPILATION_CONDITIONS = DEBUG;
				SWIFT_OPTIMIZATION_LEVEL = "-Onone";
			};
			name = Debug;
		};
		2386EED823C661700056A825 /* Release */ = {
			isa = XCBuildConfiguration;
			buildSettings = {
				ALWAYS_SEARCH_USER_PATHS = NO;
				CLANG_ANALYZER_NONNULL = YES;
				CLANG_ANALYZER_NUMBER_OBJECT_CONVERSION = YES_AGGRESSIVE;
				CLANG_CXX_LANGUAGE_STANDARD = "gnu++14";
				CLANG_CXX_LIBRARY = "libc++";
				CLANG_ENABLE_MODULES = YES;
				CLANG_ENABLE_OBJC_ARC = YES;
				CLANG_ENABLE_OBJC_WEAK = YES;
				CLANG_WARN_BLOCK_CAPTURE_AUTORELEASING = YES;
				CLANG_WARN_BOOL_CONVERSION = YES;
				CLANG_WARN_COMMA = YES;
				CLANG_WARN_CONSTANT_CONVERSION = YES;
				CLANG_WARN_DEPRECATED_OBJC_IMPLEMENTATIONS = YES;
				CLANG_WARN_DIRECT_OBJC_ISA_USAGE = YES_ERROR;
				CLANG_WARN_DOCUMENTATION_COMMENTS = YES;
				CLANG_WARN_EMPTY_BODY = YES;
				CLANG_WARN_ENUM_CONVERSION = YES;
				CLANG_WARN_INFINITE_RECURSION = YES;
				CLANG_WARN_INT_CONVERSION = YES;
				CLANG_WARN_NON_LITERAL_NULL_CONVERSION = YES;
				CLANG_WARN_OBJC_IMPLICIT_RETAIN_SELF = YES;
				CLANG_WARN_OBJC_LITERAL_CONVERSION = YES;
				CLANG_WARN_OBJC_ROOT_CLASS = YES_ERROR;
				CLANG_WARN_RANGE_LOOP_ANALYSIS = YES;
				CLANG_WARN_STRICT_PROTOTYPES = YES;
				CLANG_WARN_SUSPICIOUS_MOVE = YES;
				CLANG_WARN_UNGUARDED_AVAILABILITY = YES_AGGRESSIVE;
				CLANG_WARN_UNREACHABLE_CODE = YES;
				CLANG_WARN__DUPLICATE_METHOD_MATCH = YES;
				COPY_PHASE_STRIP = NO;
				DEBUG_INFORMATION_FORMAT = "dwarf-with-dsym";
				ENABLE_NS_ASSERTIONS = NO;
				ENABLE_STRICT_OBJC_MSGSEND = YES;
				GCC_C_LANGUAGE_STANDARD = gnu11;
				GCC_NO_COMMON_BLOCKS = YES;
				GCC_WARN_64_TO_32_BIT_CONVERSION = YES;
				GCC_WARN_ABOUT_RETURN_TYPE = YES_ERROR;
				GCC_WARN_UNDECLARED_SELECTOR = YES;
				GCC_WARN_UNINITIALIZED_AUTOS = YES_AGGRESSIVE;
				GCC_WARN_UNUSED_FUNCTION = YES;
				GCC_WARN_UNUSED_VARIABLE = YES;
				IPHONEOS_DEPLOYMENT_TARGET = 13.2;
				MTL_ENABLE_DEBUG_INFO = NO;
				MTL_FAST_MATH = YES;
				SDKROOT = iphoneos;
				SWIFT_COMPILATION_MODE = wholemodule;
				SWIFT_OPTIMIZATION_LEVEL = "-O";
				VALIDATE_PRODUCT = YES;
			};
			name = Release;
		};
		2386EEDA23C661700056A825 /* Debug */ = {
			isa = XCBuildConfiguration;
			buildSettings = {
				ASSETCATALOG_COMPILER_APPICON_NAME = AppIcon;
				CODE_SIGN_STYLE = Automatic;
				DEVELOPMENT_TEAM = MVZ2D7626T;
				INFOPLIST_FILE = test_tabbar/Info.plist;
				LD_RUNPATH_SEARCH_PATHS = (
					"$(inherited)",
					"@executable_path/Frameworks",
				);
				PRODUCT_BUNDLE_IDENTIFIER = "www.al91-mail.com.test-tabbar";
				PRODUCT_NAME = "$(TARGET_NAME)";
				SWIFT_VERSION = 5.0;
				TARGETED_DEVICE_FAMILY = "1,2";
			};
			name = Debug;
		};
		2386EEDB23C661700056A825 /* Release */ = {
			isa = XCBuildConfiguration;
			buildSettings = {
				ASSETCATALOG_COMPILER_APPICON_NAME = AppIcon;
				CODE_SIGN_STYLE = Automatic;
				DEVELOPMENT_TEAM = MVZ2D7626T;
				INFOPLIST_FILE = test_tabbar/Info.plist;
				LD_RUNPATH_SEARCH_PATHS = (
					"$(inherited)",
					"@executable_path/Frameworks",
				);
				PRODUCT_BUNDLE_IDENTIFIER = "www.al91-mail.com.test-tabbar";
				PRODUCT_NAME = "$(TARGET_NAME)";
				SWIFT_VERSION = 5.0;
				TARGETED_DEVICE_FAMILY = "1,2";
			};
			name = Release;
		};
/* End XCBuildConfiguration section */

/* Begin XCConfigurationList section */
		2386EEC023C6616C0056A825 /* Build configuration list for PBXProject "test_tabbar" */ = {
			isa = XCConfigurationList;
			buildConfigurations = (
				2386EED723C661700056A825 /* Debug */,
				2386EED823C661700056A825 /* Release */,
			);
			defaultConfigurationIsVisible = 0;
			defaultConfigurationName = Release;
		};
		2386EED923C661700056A825 /* Build configuration list for PBXNativeTarget "test_tabbar" */ = {
			isa = XCConfigurationList;
			buildConfigurations = (
				2386EEDA23C661700056A825 /* Debug */,
				2386EEDB23C661700056A825 /* Release */,
			);
			defaultConfigurationIsVisible = 0;
			defaultConfigurationName = Release;
		};
/* End XCConfigurationList section */
	};
	rootObject = 2386EEBD23C6616C0056A825 /* Project object */;
}
